
Microsoft Visual Studio Solution File, Format Version 12.00
# Visual Studio Version 17
VisualStudioVersion = 17.10.35027.167
MinimumVisualStudioVersion = 10.0.40219.1
Project("{9A19103F-16F7-4668-BE54-9A1E7A4F7556}") = "QueueApplication", "QueueApplication\QueueApplication.csproj", "{4D6D8CCA-D5CB-4B11-B110-7224F137CE72}"
EndProject
Project("{FAE04EC0-301F-11D3-BF4B-00C04F79EFBC}") = "TestQueue", "TestQueue\TestQueue.csproj", "{4036E812-A995-44DE-B1E2-1408C3B11011}"
EndProject
Global
	GlobalSection(SolutionConfigurationPlatforms) = preSolution
		Debug|Any CPU = Debug|Any CPU
		Release|Any CPU = Release|Any CPU
	EndGlobalSection
	GlobalSection(ProjectConfigurationPlatforms) = postSolution
		{4D6D8CCA-D5CB-4B11-B110-7224F137CE72}.Debug|Any CPU.ActiveCfg = Debug|Any CPU
		{4D6D8CCA-D5CB-4B11-B110-7224F137CE72}.Debug|Any CPU.Build.0 = Debug|Any CPU
		{4D6D8CCA-D5CB-4B11-B110-7224F137CE72}.Release|Any CPU.ActiveCfg = Release|Any CPU
		{4D6D8CCA-D5CB-4B11-B110-7224F137CE72}.Release|Any CPU.Build.0 = Release|Any CPU
		{4036E812-A995-44DE-B1E2-1408C3B11011}.Debug|Any CPU.ActiveCfg = Debug|Any CPU
		{4036E812-A995-44DE-B1E2-1408C3B11011}.Debug|Any CPU.Build.0 = Debug|Any CPU
		{4036E812-A995-44DE-B1E2-1408C3B11011}.Release|Any CPU.ActiveCfg = Release|Any CPU
		{4036E812-A995-44DE-B1E2-1408C3B11011}.Release|Any CPU.Build.0 = Release|Any CPU
	EndGlobalSection
	GlobalSection(SolutionProperties) = preSolution
		HideSolutionNode = FALSE
	EndGlobalSection
	GlobalSection(ExtensibilityGlobals) = postSolution
		SolutionGuid = {7112A2A7-C5A8-47FE-A459-225199E7C6FC}
	EndGlobalSection
EndGlobal
