
Microsoft Visual Studio Solution File, Format Version 12.00
# Visual Studio Version 17
VisualStudioVersion = 17.10.35027.167
MinimumVisualStudioVersion = 10.0.40219.1
Project("{9A19103F-16F7-4668-BE54-9A1E7A4F7556}") = "IdentifiableObject", "IdentifiableObject\IdentifiableObject.csproj", "{B8F60BAF-4648-409A-9253-F164DB2F6A65}"
EndProject
Project("{9A19103F-16F7-4668-BE54-9A1E7A4F7556}") = "IdentifiableObjectUnitTest", "IdentifiableObjectUnitTest\IdentifiableObjectUnitTest.csproj", "{AC3C906C-2069-4D1F-A9D4-497510EA773F}"
EndProject
Global
	GlobalSection(SolutionConfigurationPlatforms) = preSolution
		Debug|Any CPU = Debug|Any CPU
		Release|Any CPU = Release|Any CPU
	EndGlobalSection
	GlobalSection(ProjectConfigurationPlatforms) = postSolution
		{B8F60BAF-4648-409A-9253-F164DB2F6A65}.Debug|Any CPU.ActiveCfg = Debug|Any CPU
		{B8F60BAF-4648-409A-9253-F164DB2F6A65}.Debug|Any CPU.Build.0 = Debug|Any CPU
		{B8F60BAF-4648-409A-9253-F164DB2F6A65}.Release|Any CPU.ActiveCfg = Release|Any CPU
		{B8F60BAF-4648-409A-9253-F164DB2F6A65}.Release|Any CPU.Build.0 = Release|Any CPU
		{AC3C906C-2069-4D1F-A9D4-497510EA773F}.Debug|Any CPU.ActiveCfg = Debug|Any CPU
		{AC3C906C-2069-4D1F-A9D4-497510EA773F}.Debug|Any CPU.Build.0 = Debug|Any CPU
		{AC3C906C-2069-4D1F-A9D4-497510EA773F}.Release|Any CPU.ActiveCfg = Release|Any CPU
		{AC3C906C-2069-4D1F-A9D4-497510EA773F}.Release|Any CPU.Build.0 = Release|Any CPU
	EndGlobalSection
	GlobalSection(SolutionProperties) = preSolution
		HideSolutionNode = FALSE
	EndGlobalSection
	GlobalSection(ExtensibilityGlobals) = postSolution
		SolutionGuid = {44C78026-30F3-49C3-A450-C0E5248604FC}
	EndGlobalSection
EndGlobal
