
Microsoft Visual Studio Solution File, Format Version 12.00
# Visual Studio Version 17
VisualStudioVersion = 17.10.35027.167
MinimumVisualStudioVersion = 10.0.40219.1
Project("{9A19103F-16F7-4668-BE54-9A1E7A4F7556}") = "SplashKitTest", "SplashKitTest.csproj", "{4222A9E2-FB84-4FB9-A1C0-FA122198B0AB}"
EndProject
Global
	GlobalSection(SolutionConfigurationPlatforms) = preSolution
		Debug|Any CPU = Debug|Any CPU
		Release|Any CPU = Release|Any CPU
	EndGlobalSection
	GlobalSection(ProjectConfigurationPlatforms) = postSolution
		{4222A9E2-FB84-4FB9-A1C0-FA122198B0AB}.Debug|Any CPU.ActiveCfg = Debug|Any CPU
		{4222A9E2-FB84-4FB9-A1C0-FA122198B0AB}.Debug|Any CPU.Build.0 = Debug|Any CPU
		{4222A9E2-FB84-4FB9-A1C0-FA122198B0AB}.Release|Any CPU.ActiveCfg = Release|Any CPU
		{4222A9E2-FB84-4FB9-A1C0-FA122198B0AB}.Release|Any CPU.Build.0 = Release|Any CPU
	EndGlobalSection
	GlobalSection(SolutionProperties) = preSolution
		HideSolutionNode = FALSE
	EndGlobalSection
	GlobalSection(ExtensibilityGlobals) = postSolution
		SolutionGuid = {78310C7B-1FA7-4AC3-A58D-CAA44B0999C0}
	EndGlobalSection
EndGlobal
